// !$*UTF8*$!
{
	archiveVersion = 1;
	classes = {
	};
	objectVersion = 46;
	objects = {

/* Begin PBXBuildFile section */
		BFA5C6A01D1C9B220007241B /* AppDelegate.swift in Sources */ = {isa = PBXBuildFile; fileRef = BFA5C69F1D1C9B220007241B /* AppDelegate.swift */; };
		BFA5C6A21D1C9B220007241B /* ViewController.swift in Sources */ = {isa = PBXBuildFile; fileRef = BFA5C6A11D1C9B220007241B /* ViewController.swift */; };
		BFA5C6A51D1C9B220007241B /* Main.storyboard in Resources */ = {isa = PBXBuildFile; fileRef = BFA5C6A31D1C9B220007241B /* Main.storyboard */; };
		BFA5C6A71D1C9B220007241B /* Assets.xcassets in Resources */ = {isa = PBXBuildFile; fileRef = BFA5C6A61D1C9B220007241B /* Assets.xcassets */; };
		BFA5C6AA1D1C9B220007241B /* LaunchScreen.storyboard in Resources */ = {isa = PBXBuildFile; fileRef = BFA5C6A81D1C9B220007241B /* LaunchScreen.storyboard */; };
/* End PBXBuildFile section */

/* Begin PBXFileReference section */
		BFA5C69C1D1C9B210007241B /* Proj1.app */ = {isa = PBXFileReference; explicitFileType = wrapper.application; includeInIndex = 0; path = Proj1.app; sourceTree = BUILT_PRODUCTS_DIR; };
		BFA5C69F1D1C9B220007241B /* AppDelegate.swift */ = {isa = PBXFileReference; lastKnownFileType = sourcecode.swift; path = AppDelegate.swift; sourceTree = "<group>"; };
		BFA5C6A11D1C9B220007241B /* ViewController.swift */ = {isa = PBXFileReference; lastKnownFileType = sourcecode.swift; path = ViewController.swift; sourceTree = "<group>"; };
		BFA5C6A41D1C9B220007241B /* Base */ = {isa = PBXFileReference; lastKnownFileType = file.storyboard; name = Base; path = Base.lproj/Main.storyboard; sourceTree = "<group>"; };
		BFA5C6A61D1C9B220007241B /* Assets.xcassets */ = {isa = PBXFileReference; lastKnownFileType = folder.assetcatalog; path = Assets.xcassets; sourceTree = "<group>"; };
		BFA5C6A91D1C9B220007241B /* Base */ = {isa = PBXFileReference; lastKnownFileType = file.storyboard; name = Base; path = Base.lproj/LaunchScreen.storyboard; sourceTree = "<group>"; };
		BFA5C6AB1D1C9B220007241B /* Info.plist */ = {isa = PBXFileReference; lastKnownFileType = text.plist.xml; path = Info.plist; sourceTree = "<group>"; };
/* End PBXFileReference section */

/* Begin PBXFrameworksBuildPhase section */
		BFA5C6991D1C9B210007241B /* Frameworks */ = {
			isa = PBXFrameworksBuildPhase;
			buildActionMask = 2147483647;
			files = (
			);
			runOnlyForDeploymentPostprocessing = 0;
		};
/* End PBXFrameworksBuildPhase section */

/* Begin PBXGroup section */
		BFA5C6931D1C9B210007241B = {
			isa = PBXGroup;
			children = (
				BFA5C69E1D1C9B220007241B /* Proj1 */,
				BFA5C69D1D1C9B210007241B /* Products */,
			);
			sourceTree = "<group>";
		};
		BFA5C69D1D1C9B210007241B /* Products */ = {
			isa = PBXGroup;
			children = (
				BFA5C69C1D1C9B210007241B /* Proj1.app */,
			);
			name = Products;
			sourceTree = "<group>";
		};
		BFA5C69E1D1C9B220007241B /* Proj1 */ = {
			isa = PBXGroup;
			children = (
				BFA5C69F1D1C9B220007241B /* AppDelegate.swift */,
				BFA5C6A11D1C9B220007241B /* ViewController.swift */,
				BFA5C6A31D1C9B220007241B /* Main.storyboard */,
				BFA5C6A61D1C9B220007241B /* Assets.xcassets */,
				BFA5C6A81D1C9B220007241B /* LaunchScreen.storyboard */,
				BFA5C6AB1D1C9B220007241B /* Info.plist */,
			);
			path = Proj1;
			sourceTree = "<group>";
		};
/* End PBXGroup section */

/* Begin PBXNativeTarget section */
		BFA5C69B1D1C9B210007241B /* Proj1 */ = {
			isa = PBXNativeTarget;
			buildConfigurationList = BFA5C6AE1D1C9B220007241B /* Build configuration list for PBXNativeTarget "Proj1" */;
			buildPhases = (
				BFA5C6981D1C9B210007241B /* Sources */,
				BFA5C6991D1C9B210007241B /* Frameworks */,
				BFA5C69A1D1C9B210007241B /* Resources */,
			);
			buildRules = (
			);
			dependencies = (
			);
			name = Proj1;
			productName = Proj1;
			productReference = BFA5C69C1D1C9B210007241B /* Proj1.app */;
			productType = "com.apple.product-type.application";
		};
/* End PBXNativeTarget section */

/* Begin PBXProject section */
		BFA5C6941D1C9B210007241B /* Project object */ = {
			isa = PBXProject;
			attributes = {
				LastSwiftUpdateCheck = 0730;
				LastUpgradeCheck = 0730;
				ORGANIZATIONNAME = "Akram Zaky";
				TargetAttributes = {
					BFA5C69B1D1C9B210007241B = {
						CreatedOnToolsVersion = 7.3.1;
						DevelopmentTeam = PP963S5PXS;
					};
				};
			};
			buildConfigurationList = BFA5C6971D1C9B210007241B /* Build configuration list for PBXProject "Proj1" */;
			compatibilityVersion = "Xcode 3.2";
			developmentRegion = English;
			hasScannedForEncodings = 0;
			knownRegions = (
				en,
				Base,
			);
			mainGroup = BFA5C6931D1C9B210007241B;
			productRefGroup = BFA5C69D1D1C9B210007241B /* Products */;
			projectDirPath = "";
			projectRoot = "";
			targets = (
				BFA5C69B1D1C9B210007241B /* Proj1 */,
			);
		};
/* End PBXProject section */

/* Begin PBXResourcesBuildPhase section */
		BFA5C69A1D1C9B210007241B /* Resources */ = {
			isa = PBXResourcesBuildPhase;
			buildActionMask = 2147483647;
			files = (
				BFA5C6AA1D1C9B220007241B /* LaunchScreen.storyboard in Resources */,
				BFA5C6A71D1C9B220007241B /* Assets.xcassets in Resources */,
				BFA5C6A51D1C9B220007241B /* Main.storyboard in Resources */,
			);
			runOnlyForDeploymentPostprocessing = 0;
		};
/* End PBXResourcesBuildPhase section */

/* Begin PBXSourcesBuildPhase section */
		BFA5C6981D1C9B210007241B /* Sources */ = {
			isa = PBXSourcesBuildPhase;
			buildActionMask = 2147483647;
			files = (
				BFA5C6A21D1C9B220007241B /* ViewController.swift in Sources */,
				BFA5C6A01D1C9B220007241B /* AppDelegate.swift in Sources */,
			);
			runOnlyForDeploymentPostprocessing = 0;
		};
/* End PBXSourcesBuildPhase section */

/* Begin PBXVariantGroup section */
		BFA5C6A31D1C9B220007241B /* Main.storyboard */ = {
			isa = PBXVariantGroup;
			children = (
				BFA5C6A41D1C9B220007241B /* Base */,
			);
			name = Main.storyboard;
			sourceTree = "<group>";
		};
		BFA5C6A81D1C9B220007241B /* LaunchScreen.storyboard */ = {
			isa = PBXVariantGroup;
			children = (
				BFA5C6A91D1C9B220007241B /* Base */,
			);
			name = LaunchScreen.storyboard;
			sourceTree = "<group>";
		};
/* End PBXVariantGroup section */

/* Begin XCBuildConfiguration section */
		BFA5C6AC1D1C9B220007241B /* Debug */ = {
			isa = XCBuildConfiguration;
			buildSettings = {
				ALWAYS_SEARCH_USER_PATHS = NO;
				CLANG_ANALYZER_NONNULL = YES;
				CLANG_CXX_LANGUAGE_STANDARD = "gnu++0x";
				CLANG_CXX_LIBRARY = "libc++";
				CLANG_ENABLE_MODULES = YES;
				CLANG_ENABLE_OBJC_ARC = YES;
				CLANG_WARN_BOOL_CONVERSION = YES;
				CLANG_WARN_CONSTANT_CONVERSION = YES;
				CLANG_WARN_DIRECT_OBJC_ISA_USAGE = YES_ERROR;
				CLANG_WARN_EMPTY_BODY = YES;
				CLANG_WARN_ENUM_CONVERSION = YES;
				CLANG_WARN_INT_CONVERSION = YES;
				CLANG_WARN_OBJC_ROOT_CLASS = YES_ERROR;
				CLANG_WARN_UNREACHABLE_CODE = YES;
				CLANG_WARN__DUPLICATE_METHOD_MATCH = YES;
				"CODE_SIGN_IDENTITY[sdk=iphoneos*]" = "iPhone Developer";
				COPY_PHASE_STRIP = NO;
				DEBUG_INFORMATION_FORMAT = dwarf;
				ENABLE_STRICT_OBJC_MSGSEND = YES;
				ENABLE_TESTABILITY = YES;
				GCC_C_LANGUAGE_STANDARD = gnu99;
				GCC_DYNAMIC_NO_PIC = NO;
				GCC_NO_COMMON_BLOCKS = YES;
				GCC_OPTIMIZATION_LEVEL = 0;
				GCC_PREPROCESSOR_DEFINITIONS = (
					"DEBUG=1",
					"$(inherited)",
				);
				GCC_WARN_64_TO_32_BIT_CONVERSION = YES;
				GCC_WARN_ABOUT_RETURN_TYPE = YES_ERROR;
				GCC_WARN_UNDECLARED_SELECTOR = YES;
				GCC_WARN_UNINITIALIZED_AUTOS = YES_AGGRESSIVE;
				GCC_WARN_UNUSED_FUNCTION = YES;
				GCC_WARN_UNUSED_VARIABLE = YES;
				IPHONEOS_DEPLOYMENT_TARGET = 9.3;
				MTL_ENABLE_DEBUG_INFO = YES;
				ONLY_ACTIVE_ARCH = YES;
				SDKROOT = iphoneos;
				SWIFT_OPTIMIZATION_LEVEL = "-Onone";
				TARGETED_DEVICE_FAMILY = "1,2";
			};
			name = Debug;
		};
		BFA5C6AD1D1C9B220007241B /* Release */ = {
			isa = XCBuildConfiguration;
			buildSettings = {
				ALWAYS_SEARCH_USER_PATHS = NO;
				CLANG_ANALYZER_NONNULL = YES;
				CLANG_CXX_LANGUAGE_STANDARD = "gnu++0x";
				CLANG_CXX_LIBRARY = "libc++";
				CLANG_ENABLE_MODULES = YES;
				CLANG_ENABLE_OBJC_ARC = YES;
				CLANG_WARN_BOOL_CONVERSION = YES;
				CLANG_WARN_CONSTANT_CONVERSION = YES;
				CLANG_WARN_DIRECT_OBJC_ISA_USAGE = YES_ERROR;
				CLANG_WARN_EMPTY_BODY = YES;
				CLANG_WARN_ENUM_CONVERSION = YES;
				CLANG_WARN_INT_CONVERSION = YES;
				CLANG_WARN_OBJC_ROOT_CLASS = YES_ERROR;
				CLANG_WARN_UNREACHABLE_CODE = YES;
				CLANG_WARN__DUPLICATE_METHOD_MATCH = YES;
				"CODE_SIGN_IDENTITY[sdk=iphoneos*]" = "iPhone Developer";
				COPY_PHASE_STRIP = NO;
				DEBUG_INFORMATION_FORMAT = "dwarf-with-dsym";
				ENABLE_NS_ASSERTIONS = NO;
				ENABLE_STRICT_OBJC_MSGSEND = YES;
				GCC_C_LANGUAGE_STANDARD = gnu99;
				GCC_NO_COMMON_BLOCKS = YES;
				GCC_WARN_64_TO_32_BIT_CONVERSION = YES;
				GCC_WARN_ABOUT_RETURN_TYPE = YES_ERROR;
				GCC_WARN_UNDECLARED_SELECTOR = YES;
				GCC_WARN_UNINITIALIZED_AUTOS = YES_AGGRESSIVE;
				GCC_WARN_UNUSED_FUNCTION = YES;
				GCC_WARN_UNUSED_VARIABLE = YES;
				IPHONEOS_DEPLOYMENT_TARGET = 9.3;
				MTL_ENABLE_DEBUG_INFO = NO;
				SDKROOT = iphoneos;
				TARGETED_DEVICE_FAMILY = "1,2";
				VALIDATE_PRODUCT = YES;
			};
			name = Release;
		};
		BFA5C6AF1D1C9B220007241B /* Debug */ = {
			isa = XCBuildConfiguration;
			buildSettings = {
				ASSETCATALOG_COMPILER_APPICON_NAME = AppIcon;
				INFOPLIST_FILE = Proj1/Info.plist;
				LD_RUNPATH_SEARCH_PATHS = "$(inherited) @executable_path/Frameworks";
				PRODUCT_BUNDLE_IDENTIFIER = com.21.Proj1;
				PRODUCT_NAME = "$(TARGET_NAME)";
			};
			name = Debug;
		};
		BFA5C6B01D1C9B220007241B /* Release */ = {
			isa = XCBuildConfiguration;
			buildSettings = {
				ASSETCATALOG_COMPILER_APPICON_NAME = AppIcon;
				INFOPLIST_FILE = Proj1/Info.plist;
				LD_RUNPATH_SEARCH_PATHS = "$(inherited) @executable_path/Frameworks";
				PRODUCT_BUNDLE_IDENTIFIER = com.21.Proj1;
				PRODUCT_NAME = "$(TARGET_NAME)";
			};
			name = Release;
		};
/* End XCBuildConfiguration section */

/* Begin XCConfigurationList section */
		BFA5C6971D1C9B210007241B /* Build configuration list for PBXProject "Proj1" */ = {
			isa = XCConfigurationList;
			buildConfigurations = (
				BFA5C6AC1D1C9B220007241B /* Debug */,
				BFA5C6AD1D1C9B220007241B /* Release */,
			);
			defaultConfigurationIsVisible = 0;
			defaultConfigurationName = Release;
		};
		BFA5C6AE1D1C9B220007241B /* Build configuration list for PBXNativeTarget "Proj1" */ = {
			isa = XCConfigurationList;
			buildConfigurations = (
				BFA5C6AF1D1C9B220007241B /* Debug */,
				BFA5C6B01D1C9B220007241B /* Release */,
			);
			defaultConfigurationIsVisible = 0;
		};
/* End XCConfigurationList section */
	};
	rootObject = BFA5C6941D1C9B210007241B /* Project object */;
}
